// !$*UTF8*$!
{
	archiveVersion = 1;
	classes = {
	};
	objectVersion = 48;
	objects = {

/* Begin PBXBuildFile section */
		189A0B841F4BEF57004CCA18 /* MissonOne.storyboard in Resources */ = {isa = PBXBuildFile; fileRef = 189A0B821F4BEF57004CCA18 /* MissonOne.storyboard */; };
		189A0B871F4BF20D004CCA18 /* MissionOneVC.swift in Sources */ = {isa = PBXBuildFile; fileRef = 189A0B861F4BF20D004CCA18 /* MissionOneVC.swift */; };
		189A0B8A1F4BF346004CCA18 /* Button.swift in Sources */ = {isa = PBXBuildFile; fileRef = 189A0B891F4BF346004CCA18 /* Button.swift */; };
		189A0B8D1F4BF940004CCA18 /* MissionTwoVC.swift in Sources */ = {isa = PBXBuildFile; fileRef = 189A0B8C1F4BF940004CCA18 /* MissionTwoVC.swift */; };
		189A0B8F1F4BF951004CCA18 /* MissionTwo.storyboard in Resources */ = {isa = PBXBuildFile; fileRef = 189A0B8E1F4BF951004CCA18 /* MissionTwo.storyboard */; };
		189A0B941F4BFD4C004CCA18 /* ChoiceRecognize.swift in Sources */ = {isa = PBXBuildFile; fileRef = 189A0B931F4BFD4C004CCA18 /* ChoiceRecognize.swift */; };
		189A0B9C1F4C46CC004CCA18 /* Main.storyboard in Resources */ = {isa = PBXBuildFile; fileRef = 189A0B9B1F4C46CC004CCA18 /* Main.storyboard */; };
		189A0BA31F4C4C44004CCA18 /* MissionThreeVC.swift in Sources */ = {isa = PBXBuildFile; fileRef = 189A0BA21F4C4C44004CCA18 /* MissionThreeVC.swift */; };
		189A0BA51F4C4C54004CCA18 /* MissionThree.storyboard in Resources */ = {isa = PBXBuildFile; fileRef = 189A0BA41F4C4C54004CCA18 /* MissionThree.storyboard */; };
		189A0BAC1F4C50B7004CCA18 /* LaunchScreen.storyboard in Resources */ = {isa = PBXBuildFile; fileRef = 189A0BA71F4C50B5004CCA18 /* LaunchScreen.storyboard */; };
		189A0BAD1F4C50B7004CCA18 /* AppDelegate.swift in Sources */ = {isa = PBXBuildFile; fileRef = 189A0BA91F4C50B5004CCA18 /* AppDelegate.swift */; };
		189A0BAE1F4C50B7004CCA18 /* Info.plist in Resources */ = {isa = PBXBuildFile; fileRef = 189A0BAA1F4C50B6004CCA18 /* Info.plist */; };
		189A0BAF1F4C50B7004CCA18 /* Results.plist in Resources */ = {isa = PBXBuildFile; fileRef = 189A0BAB1F4C50B6004CCA18 /* Results.plist */; };
		18A83C4A1F4C73CA0025A918 /* Main.swift in Sources */ = {isa = PBXBuildFile; fileRef = 18A83C491F4C73CA0025A918 /* Main.swift */; };
		18CB0AE61F4D3AB300B946FC /* extensionLabel.swift in Sources */ = {isa = PBXBuildFile; fileRef = 18CB0AE51F4D3AB300B946FC /* extensionLabel.swift */; };
		18CB0AE81F4D471000B946FC /* Account.plist in Resources */ = {isa = PBXBuildFile; fileRef = 18CB0AE71F4D471000B946FC /* Account.plist */; };
/* End PBXBuildFile section */

/* Begin PBXFileReference section */
		189A0B6D1F4BEEA0004CCA18 /* hackgame.app */ = {isa = PBXFileReference; explicitFileType = wrapper.application; includeInIndex = 0; path = hackgame.app; sourceTree = BUILT_PRODUCTS_DIR; };
		189A0B831F4BEF57004CCA18 /* Base */ = {isa = PBXFileReference; lastKnownFileType = file.storyboard; name = Base; path = hackgame/Base.lproj/MissonOne.storyboard; sourceTree = "<group>"; };
		189A0B861F4BF20D004CCA18 /* MissionOneVC.swift */ = {isa = PBXFileReference; lastKnownFileType = sourcecode.swift; path = MissionOneVC.swift; sourceTree = "<group>"; };
		189A0B891F4BF346004CCA18 /* Button.swift */ = {isa = PBXFileReference; fileEncoding = 4; lastKnownFileType = sourcecode.swift; path = Button.swift; sourceTree = "<group>"; };
		189A0B8C1F4BF940004CCA18 /* MissionTwoVC.swift */ = {isa = PBXFileReference; lastKnownFileType = sourcecode.swift; path = MissionTwoVC.swift; sourceTree = "<group>"; };
		189A0B8E1F4BF951004CCA18 /* MissionTwo.storyboard */ = {isa = PBXFileReference; lastKnownFileType = file.storyboard; path = MissionTwo.storyboard; sourceTree = "<group>"; };
		189A0B931F4BFD4C004CCA18 /* ChoiceRecognize.swift */ = {isa = PBXFileReference; lastKnownFileType = sourcecode.swift; path = ChoiceRecognize.swift; sourceTree = "<group>"; };
		189A0B9B1F4C46CC004CCA18 /* Main.storyboard */ = {isa = PBXFileReference; lastKnownFileType = file.storyboard; path = Main.storyboard; sourceTree = "<group>"; };
		189A0BA21F4C4C44004CCA18 /* MissionThreeVC.swift */ = {isa = PBXFileReference; lastKnownFileType = sourcecode.swift; path = MissionThreeVC.swift; sourceTree = "<group>"; };
		189A0BA41F4C4C54004CCA18 /* MissionThree.storyboard */ = {isa = PBXFileReference; lastKnownFileType = file.storyboard; path = MissionThree.storyboard; sourceTree = "<group>"; };
		189A0BA81F4C50B5004CCA18 /* Base */ = {isa = PBXFileReference; lastKnownFileType = file.storyboard; name = Base; path = LaunchScreen.storyboard; sourceTree = "<group>"; };
		189A0BA91F4C50B5004CCA18 /* AppDelegate.swift */ = {isa = PBXFileReference; fileEncoding = 4; lastKnownFileType = sourcecode.swift; path = AppDelegate.swift; sourceTree = "<group>"; };
		189A0BAA1F4C50B6004CCA18 /* Info.plist */ = {isa = PBXFileReference; fileEncoding = 4; lastKnownFileType = text.plist.xml; path = Info.plist; sourceTree = "<group>"; };
		189A0BAB1F4C50B6004CCA18 /* Results.plist */ = {isa = PBXFileReference; fileEncoding = 4; lastKnownFileType = text.plist.xml; path = Results.plist; sourceTree = "<group>"; };
		18A83C491F4C73CA0025A918 /* Main.swift */ = {isa = PBXFileReference; lastKnownFileType = sourcecode.swift; path = Main.swift; sourceTree = "<group>"; };
		18CB0AE51F4D3AB300B946FC /* extensionLabel.swift */ = {isa = PBXFileReference; lastKnownFileType = sourcecode.swift; path = extensionLabel.swift; sourceTree = "<group>"; };
		18CB0AE71F4D471000B946FC /* Account.plist */ = {isa = PBXFileReference; lastKnownFileType = text.plist.xml; path = Account.plist; sourceTree = "<group>"; };
/* End PBXFileReference section */

/* Begin PBXFrameworksBuildPhase section */
		189A0B6A1F4BEEA0004CCA18 /* Frameworks */ = {
			isa = PBXFrameworksBuildPhase;
			buildActionMask = 2147483647;
			files = (
			);
			runOnlyForDeploymentPostprocessing = 0;
		};
/* End PBXFrameworksBuildPhase section */

/* Begin PBXGroup section */
		189A0B641F4BEE9F004CCA18 = {
			isa = PBXGroup;
			children = (
				189A0B6F1F4BEEA0004CCA18 /* hackgame */,
				189A0B6E1F4BEEA0004CCA18 /* Products */,
			);
			sourceTree = "<group>";
		};
		189A0B6E1F4BEEA0004CCA18 /* Products */ = {
			isa = PBXGroup;
			children = (
				189A0B6D1F4BEEA0004CCA18 /* hackgame.app */,
			);
			name = Products;
			sourceTree = "<group>";
		};
		189A0B6F1F4BEEA0004CCA18 /* hackgame */ = {
			isa = PBXGroup;
			children = (
				189A0BA91F4C50B5004CCA18 /* AppDelegate.swift */,
				189A0BA61F4C50B5004CCA18 /* Base.lproj */,
				189A0BAA1F4C50B6004CCA18 /* Info.plist */,
				189A0BAB1F4C50B6004CCA18 /* Results.plist */,
				18CB0AE71F4D471000B946FC /* Account.plist */,
				189A0B981F4C469D004CCA18 /* Main */,
				189A0B851F4BEF6C004CCA18 /* MissonOne */,
				189A0B8B1F4BF926004CCA18 /* MissionTwo */,
				189A0BA11F4C4C1A004CCA18 /* MissonThree */,
				189A0B881F4BF32A004CCA18 /* Pubilc Classes */,
			);
			path = hackgame;
			sourceTree = "<group>";
		};
		189A0B851F4BEF6C004CCA18 /* MissonOne */ = {
			isa = PBXGroup;
			children = (
				189A0B821F4BEF57004CCA18 /* MissonOne.storyboard */,
				189A0B861F4BF20D004CCA18 /* MissionOneVC.swift */,
			);
			path = MissonOne;
			sourceTree = "<group>";
		};
		189A0B881F4BF32A004CCA18 /* Pubilc Classes */ = {
			isa = PBXGroup;
			children = (
				189A0B921F4BFD0B004CCA18 /* Model */,
				189A0B901F4BFCE9004CCA18 /* View */,
			);
			path = "Pubilc Classes";
			sourceTree = "<group>";
		};
		189A0B8B1F4BF926004CCA18 /* MissionTwo */ = {
			isa = PBXGroup;
			children = (
				189A0B8C1F4BF940004CCA18 /* MissionTwoVC.swift */,
				189A0B8E1F4BF951004CCA18 /* MissionTwo.storyboard */,
			);
			path = MissionTwo;
			sourceTree = "<group>";
		};
		189A0B901F4BFCE9004CCA18 /* View */ = {
			isa = PBXGroup;
			children = (
				189A0B891F4BF346004CCA18 /* Button.swift */,
			);
			path = View;
			sourceTree = "<group>";
		};
		189A0B921F4BFD0B004CCA18 /* Model */ = {
			isa = PBXGroup;
			children = (
				189A0B931F4BFD4C004CCA18 /* ChoiceRecognize.swift */,
			);
			path = Model;
			sourceTree = "<group>";
		};
		189A0B981F4C469D004CCA18 /* Main */ = {
			isa = PBXGroup;
			children = (
				189A0B9B1F4C46CC004CCA18 /* Main.storyboard */,
				18A83C491F4C73CA0025A918 /* Main.swift */,
				18CB0AE51F4D3AB300B946FC /* extensionLabel.swift */,
			);
			path = Main;
			sourceTree = "<group>";
		};
		189A0BA11F4C4C1A004CCA18 /* MissonThree */ = {
			isa = PBXGroup;
			children = (
				189A0BA21F4C4C44004CCA18 /* MissionThreeVC.swift */,
				189A0BA41F4C4C54004CCA18 /* MissionThree.storyboard */,
			);
			path = MissonThree;
			sourceTree = "<group>";
		};
		189A0BA61F4C50B5004CCA18 /* Base.lproj */ = {
			isa = PBXGroup;
			children = (
				189A0BA71F4C50B5004CCA18 /* LaunchScreen.storyboard */,
			);
			path = Base.lproj;
			sourceTree = "<group>";
		};
/* End PBXGroup section */

/* Begin PBXNativeTarget section */
		189A0B6C1F4BEEA0004CCA18 /* hackgame */ = {
			isa = PBXNativeTarget;
			buildConfigurationList = 189A0B7F1F4BEEA0004CCA18 /* Build configuration list for PBXNativeTarget "hackgame" */;
			buildPhases = (
				189A0B691F4BEEA0004CCA18 /* Sources */,
				189A0B6A1F4BEEA0004CCA18 /* Frameworks */,
				189A0B6B1F4BEEA0004CCA18 /* Resources */,
			);
			buildRules = (
			);
			dependencies = (
			);
			name = hackgame;
			productName = hackgame;
			productReference = 189A0B6D1F4BEEA0004CCA18 /* hackgame.app */;
			productType = "com.apple.product-type.application";
		};
/* End PBXNativeTarget section */

/* Begin PBXProject section */
		189A0B651F4BEE9F004CCA18 /* Project object */ = {
			isa = PBXProject;
			attributes = {
				LastSwiftUpdateCheck = 0900;
				LastUpgradeCheck = 0900;
				ORGANIZATIONNAME = Apple;
				TargetAttributes = {
					189A0B6C1F4BEEA0004CCA18 = {
						CreatedOnToolsVersion = 9.0;
					};
				};
			};
			buildConfigurationList = 189A0B681F4BEE9F004CCA18 /* Build configuration list for PBXProject "hackgame" */;
			compatibilityVersion = "Xcode 8.0";
			developmentRegion = en;
			hasScannedForEncodings = 0;
			knownRegions = (
				en,
				Base,
			);
			mainGroup = 189A0B641F4BEE9F004CCA18;
			productRefGroup = 189A0B6E1F4BEEA0004CCA18 /* Products */;
			projectDirPath = "";
			projectRoot = "";
			targets = (
				189A0B6C1F4BEEA0004CCA18 /* hackgame */,
			);
		};
/* End PBXProject section */

/* Begin PBXResourcesBuildPhase section */
		189A0B6B1F4BEEA0004CCA18 /* Resources */ = {
			isa = PBXResourcesBuildPhase;
			buildActionMask = 2147483647;
			files = (
				189A0B8F1F4BF951004CCA18 /* MissionTwo.storyboard in Resources */,
				189A0B841F4BEF57004CCA18 /* MissonOne.storyboard in Resources */,
				189A0BAE1F4C50B7004CCA18 /* Info.plist in Resources */,
				189A0BAF1F4C50B7004CCA18 /* Results.plist in Resources */,
				18CB0AE81F4D471000B946FC /* Account.plist in Resources */,
				189A0B9C1F4C46CC004CCA18 /* Main.storyboard in Resources */,
				189A0BAC1F4C50B7004CCA18 /* LaunchScreen.storyboard in Resources */,
				189A0BA51F4C4C54004CCA18 /* MissionThree.storyboard in Resources */,
			);
			runOnlyForDeploymentPostprocessing = 0;
		};
/* End PBXResourcesBuildPhase section */

/* Begin PBXSourcesBuildPhase section */
		189A0B691F4BEEA0004CCA18 /* Sources */ = {
			isa = PBXSourcesBuildPhase;
			buildActionMask = 2147483647;
			files = (
				189A0BAD1F4C50B7004CCA18 /* AppDelegate.swift in Sources */,
				189A0B871F4BF20D004CCA18 /* MissionOneVC.swift in Sources */,
				18A83C4A1F4C73CA0025A918 /* Main.swift in Sources */,
				189A0B8D1F4BF940004CCA18 /* MissionTwoVC.swift in Sources */,
				18CB0AE61F4D3AB300B946FC /* extensionLabel.swift in Sources */,
				189A0B8A1F4BF346004CCA18 /* Button.swift in Sources */,
				189A0B941F4BFD4C004CCA18 /* ChoiceRecognize.swift in Sources */,
				189A0BA31F4C4C44004CCA18 /* MissionThreeVC.swift in Sources */,
			);
			runOnlyForDeploymentPostprocessing = 0;
		};
/* End PBXSourcesBuildPhase section */

/* Begin PBXVariantGroup section */
		189A0B821F4BEF57004CCA18 /* MissonOne.storyboard */ = {
			isa = PBXVariantGroup;
			children = (
				189A0B831F4BEF57004CCA18 /* Base */,
			);
			name = MissonOne.storyboard;
			sourceTree = "<group>";
		};
		189A0BA71F4C50B5004CCA18 /* LaunchScreen.storyboard */ = {
			isa = PBXVariantGroup;
			children = (
				189A0BA81F4C50B5004CCA18 /* Base */,
			);
			name = LaunchScreen.storyboard;
			sourceTree = "<group>";
		};
/* End PBXVariantGroup section */

/* Begin XCBuildConfiguration section */
		189A0B7D1F4BEEA0004CCA18 /* Debug */ = {
			isa = XCBuildConfiguration;
			buildSettings = {
				ALWAYS_SEARCH_USER_PATHS = NO;
				CLANG_ANALYZER_NONNULL = YES;
				CLANG_ANALYZER_NUMBER_OBJECT_CONVERSION = YES_AGGRESSIVE;
				CLANG_CXX_LANGUAGE_STANDARD = "gnu++14";
				CLANG_CXX_LIBRARY = "libc++";
				CLANG_ENABLE_MODULES = YES;
				CLANG_ENABLE_OBJC_ARC = YES;
				CLANG_WARN_BLOCK_CAPTURE_AUTORELEASING = YES;
				CLANG_WARN_BOOL_CONVERSION = YES;
				CLANG_WARN_COMMA = YES;
				CLANG_WARN_CONSTANT_CONVERSION = YES;
				CLANG_WARN_DIRECT_OBJC_ISA_USAGE = YES_ERROR;
				CLANG_WARN_DOCUMENTATION_COMMENTS = YES;
				CLANG_WARN_EMPTY_BODY = YES;
				CLANG_WARN_ENUM_CONVERSION = YES;
				CLANG_WARN_INFINITE_RECURSION = YES;
				CLANG_WARN_INT_CONVERSION = YES;
				CLANG_WARN_NON_LITERAL_NULL_CONVERSION = YES;
				CLANG_WARN_OBJC_LITERAL_CONVERSION = YES;
				CLANG_WARN_OBJC_ROOT_CLASS = YES_ERROR;
				CLANG_WARN_RANGE_LOOP_ANALYSIS = YES;
				CLANG_WARN_STRICT_PROTOTYPES = YES;
				CLANG_WARN_SUSPICIOUS_MOVE = YES;
				CLANG_WARN_UNGUARDED_AVAILABILITY = YES_AGGRESSIVE;
				CLANG_WARN_UNREACHABLE_CODE = YES;
				CLANG_WARN__DUPLICATE_METHOD_MATCH = YES;
				CODE_SIGN_IDENTITY = "iPhone Developer";
				COPY_PHASE_STRIP = NO;
				DEBUG_INFORMATION_FORMAT = dwarf;
				ENABLE_STRICT_OBJC_MSGSEND = YES;
				ENABLE_TESTABILITY = YES;
				GCC_C_LANGUAGE_STANDARD = gnu11;
				GCC_DYNAMIC_NO_PIC = NO;
				GCC_NO_COMMON_BLOCKS = YES;
				GCC_OPTIMIZATION_LEVEL = 0;
				GCC_PREPROCESSOR_DEFINITIONS = (
					"DEBUG=1",
					"$(inherited)",
				);
				GCC_WARN_64_TO_32_BIT_CONVERSION = YES;
				GCC_WARN_ABOUT_RETURN_TYPE = YES_ERROR;
				GCC_WARN_UNDECLARED_SELECTOR = YES;
				GCC_WARN_UNINITIALIZED_AUTOS = YES_AGGRESSIVE;
				GCC_WARN_UNUSED_FUNCTION = YES;
				GCC_WARN_UNUSED_VARIABLE = YES;
				IPHONEOS_DEPLOYMENT_TARGET = 11.0;
				MTL_ENABLE_DEBUG_INFO = YES;
				ONLY_ACTIVE_ARCH = YES;
				SDKROOT = iphoneos;
				SWIFT_ACTIVE_COMPILATION_CONDITIONS = DEBUG;
				SWIFT_OPTIMIZATION_LEVEL = "-Onone";
			};
			name = Debug;
		};
		189A0B7E1F4BEEA0004CCA18 /* Release */ = {
			isa = XCBuildConfiguration;
			buildSettings = {
				ALWAYS_SEARCH_USER_PATHS = NO;
				CLANG_ANALYZER_NONNULL = YES;
				CLANG_ANALYZER_NUMBER_OBJECT_CONVERSION = YES_AGGRESSIVE;
				CLANG_CXX_LANGUAGE_STANDARD = "gnu++14";
				CLANG_CXX_LIBRARY = "libc++";
				CLANG_ENABLE_MODULES = YES;
				CLANG_ENABLE_OBJC_ARC = YES;
				CLANG_WARN_BLOCK_CAPTURE_AUTORELEASING = YES;
				CLANG_WARN_BOOL_CONVERSION = YES;
				CLANG_WARN_COMMA = YES;
				CLANG_WARN_CONSTANT_CONVERSION = YES;
				CLANG_WARN_DIRECT_OBJC_ISA_USAGE = YES_ERROR;
				CLANG_WARN_DOCUMENTATION_COMMENTS = YES;
				CLANG_WARN_EMPTY_BODY = YES;
				CLANG_WARN_ENUM_CONVERSION = YES;
				CLANG_WARN_INFINITE_RECURSION = YES;
				CLANG_WARN_INT_CONVERSION = YES;
				CLANG_WARN_NON_LITERAL_NULL_CONVERSION = YES;
				CLANG_WARN_OBJC_LITERAL_CONVERSION = YES;
				CLANG_WARN_OBJC_ROOT_CLASS = YES_ERROR;
				CLANG_WARN_RANGE_LOOP_ANALYSIS = YES;
				CLANG_WARN_STRICT_PROTOTYPES = YES;
				CLANG_WARN_SUSPICIOUS_MOVE = YES;
				CLANG_WARN_UNGUARDED_AVAILABILITY = YES_AGGRESSIVE;
				CLANG_WARN_UNREACHABLE_CODE = YES;
				CLANG_WARN__DUPLICATE_METHOD_MATCH = YES;
				CODE_SIGN_IDENTITY = "iPhone Developer";
				COPY_PHASE_STRIP = NO;
				DEBUG_INFORMATION_FORMAT = "dwarf-with-dsym";
				ENABLE_NS_ASSERTIONS = NO;
				ENABLE_STRICT_OBJC_MSGSEND = YES;
				GCC_C_LANGUAGE_STANDARD = gnu11;
				GCC_NO_COMMON_BLOCKS = YES;
				GCC_WARN_64_TO_32_BIT_CONVERSION = YES;
				GCC_WARN_ABOUT_RETURN_TYPE = YES_ERROR;
				GCC_WARN_UNDECLARED_SELECTOR = YES;
				GCC_WARN_UNINITIALIZED_AUTOS = YES_AGGRESSIVE;
				GCC_WARN_UNUSED_FUNCTION = YES;
				GCC_WARN_UNUSED_VARIABLE = YES;
				IPHONEOS_DEPLOYMENT_TARGET = 11.0;
				MTL_ENABLE_DEBUG_INFO = NO;
				SDKROOT = iphoneos;
				SWIFT_OPTIMIZATION_LEVEL = "-Owholemodule";
				VALIDATE_PRODUCT = YES;
			};
			name = Release;
		};
		189A0B801F4BEEA0004CCA18 /* Debug */ = {
			isa = XCBuildConfiguration;
			buildSettings = {
				DEVELOPMENT_TEAM = VT7FZGV6NT;
				INFOPLIST_FILE = hackgame/Info.plist;
				LD_RUNPATH_SEARCH_PATHS = "$(inherited) @executable_path/Frameworks";
				PRODUCT_BUNDLE_IDENTIFIER = zhaoYiXian.hackgame;
				PRODUCT_NAME = "$(TARGET_NAME)";
				SWIFT_VERSION = 4.0;
				TARGETED_DEVICE_FAMILY = "1,2";
			};
			name = Debug;
		};
		189A0B811F4BEEA0004CCA18 /* Release */ = {
			isa = XCBuildConfiguration;
			buildSettings = {
				DEVELOPMENT_TEAM = VT7FZGV6NT;
				INFOPLIST_FILE = hackgame/Info.plist;
				LD_RUNPATH_SEARCH_PATHS = "$(inherited) @executable_path/Frameworks";
				PRODUCT_BUNDLE_IDENTIFIER = zhaoYiXian.hackgame;
				PRODUCT_NAME = "$(TARGET_NAME)";
				SWIFT_VERSION = 4.0;
				TARGETED_DEVICE_FAMILY = "1,2";
			};
			name = Release;
		};
/* End XCBuildConfiguration section */

/* Begin XCConfigurationList section */
		189A0B681F4BEE9F004CCA18 /* Build configuration list for PBXProject "hackgame" */ = {
			isa = XCConfigurationList;
			buildConfigurations = (
				189A0B7D1F4BEEA0004CCA18 /* Debug */,
				189A0B7E1F4BEEA0004CCA18 /* Release */,
			);
			defaultConfigurationIsVisible = 0;
			defaultConfigurationName = Release;
		};
		189A0B7F1F4BEEA0004CCA18 /* Build configuration list for PBXNativeTarget "hackgame" */ = {
			isa = XCConfigurationList;
			buildConfigurations = (
				189A0B801F4BEEA0004CCA18 /* Debug */,
				189A0B811F4BEEA0004CCA18 /* Release */,
			);
			defaultConfigurationIsVisible = 0;
			defaultConfigurationName = Release;
		};
/* End XCConfigurationList section */
	};
	rootObject = 189A0B651F4BEE9F004CCA18 /* Project object */;
}
