// !$*UTF8*$!
{
	archiveVersion = 1;
	classes = {
	};
	objectVersion = 48;
	objects = {

/* Begin PBXBuildFile section */
		189A0B711F4BEEA0004CCA18 /* AppDelegate.swift in Sources */ = {isa = PBXBuildFile; fileRef = 189A0B701F4BEEA0004CCA18 /* AppDelegate.swift */; };
		189A0B731F4BEEA0004CCA18 /* ViewController.swift in Sources */ = {isa = PBXBuildFile; fileRef = 189A0B721F4BEEA0004CCA18 /* ViewController.swift */; };
		189A0B761F4BEEA0004CCA18 /* Main.storyboard in Resources */ = {isa = PBXBuildFile; fileRef = 189A0B741F4BEEA0004CCA18 /* Main.storyboard */; };
		189A0B781F4BEEA0004CCA18 /* Assets.xcassets in Resources */ = {isa = PBXBuildFile; fileRef = 189A0B771F4BEEA0004CCA18 /* Assets.xcassets */; };
		189A0B7B1F4BEEA0004CCA18 /* LaunchScreen.storyboard in Resources */ = {isa = PBXBuildFile; fileRef = 189A0B791F4BEEA0004CCA18 /* LaunchScreen.storyboard */; };
/* End PBXBuildFile section */

/* Begin PBXFileReference section */
		189A0B6D1F4BEEA0004CCA18 /* hackgame.app */ = {isa = PBXFileReference; explicitFileType = wrapper.application; includeInIndex = 0; path = hackgame.app; sourceTree = BUILT_PRODUCTS_DIR; };
		189A0B701F4BEEA0004CCA18 /* AppDelegate.swift */ = {isa = PBXFileReference; lastKnownFileType = sourcecode.swift; path = AppDelegate.swift; sourceTree = "<group>"; };
		189A0B721F4BEEA0004CCA18 /* ViewController.swift */ = {isa = PBXFileReference; lastKnownFileType = sourcecode.swift; path = ViewController.swift; sourceTree = "<group>"; };
		189A0B751F4BEEA0004CCA18 /* Base */ = {isa = PBXFileReference; lastKnownFileType = file.storyboard; name = Base; path = Base.lproj/Main.storyboard; sourceTree = "<group>"; };
		189A0B771F4BEEA0004CCA18 /* Assets.xcassets */ = {isa = PBXFileReference; lastKnownFileType = folder.assetcatalog; path = Assets.xcassets; sourceTree = "<group>"; };
		189A0B7A1F4BEEA0004CCA18 /* Base */ = {isa = PBXFileReference; lastKnownFileType = file.storyboard; name = Base; path = Base.lproj/LaunchScreen.storyboard; sourceTree = "<group>"; };
		189A0B7C1F4BEEA0004CCA18 /* Info.plist */ = {isa = PBXFileReference; lastKnownFileType = text.plist.xml; path = Info.plist; sourceTree = "<group>"; };
/* End PBXFileReference section */

/* Begin PBXFrameworksBuildPhase section */
		189A0B6A1F4BEEA0004CCA18 /* Frameworks */ = {
			isa = PBXFrameworksBuildPhase;
			buildActionMask = 2147483647;
			files = (
			);
			runOnlyForDeploymentPostprocessing = 0;
		};
/* End PBXFrameworksBuildPhase section */

/* Begin PBXGroup section */
		189A0B641F4BEE9F004CCA18 = {
			isa = PBXGroup;
			children = (
				189A0B6F1F4BEEA0004CCA18 /* hackgame */,
				189A0B6E1F4BEEA0004CCA18 /* Products */,
			);
			sourceTree = "<group>";
		};
		189A0B6E1F4BEEA0004CCA18 /* Products */ = {
			isa = PBXGroup;
			children = (
				189A0B6D1F4BEEA0004CCA18 /* hackgame.app */,
			);
			name = Products;
			sourceTree = "<group>";
		};
		189A0B6F1F4BEEA0004CCA18 /* hackgame */ = {
			isa = PBXGroup;
			children = (
				189A0B701F4BEEA0004CCA18 /* AppDelegate.swift */,
				189A0B721F4BEEA0004CCA18 /* ViewController.swift */,
				189A0B741F4BEEA0004CCA18 /* Main.storyboard */,
				189A0B771F4BEEA0004CCA18 /* Assets.xcassets */,
				189A0B791F4BEEA0004CCA18 /* LaunchScreen.storyboard */,
				189A0B7C1F4BEEA0004CCA18 /* Info.plist */,
			);
			path = hackgame;
			sourceTree = "<group>";
		};
/* End PBXGroup section */

/* Begin PBXNativeTarget section */
		189A0B6C1F4BEEA0004CCA18 /* hackgame */ = {
			isa = PBXNativeTarget;
			buildConfigurationList = 189A0B7F1F4BEEA0004CCA18 /* Build configuration list for PBXNativeTarget "hackgame" */;
			buildPhases = (
				189A0B691F4BEEA0004CCA18 /* Sources */,
				189A0B6A1F4BEEA0004CCA18 /* Frameworks */,
				189A0B6B1F4BEEA0004CCA18 /* Resources */,
			);
			buildRules = (
			);
			dependencies = (
			);
			name = hackgame;
			productName = hackgame;
			productReference = 189A0B6D1F4BEEA0004CCA18 /* hackgame.app */;
			productType = "com.apple.product-type.application";
		};
/* End PBXNativeTarget section */

/* Begin PBXProject section */
		189A0B651F4BEE9F004CCA18 /* Project object */ = {
			isa = PBXProject;
			attributes = {
				LastSwiftUpdateCheck = 0900;
				LastUpgradeCheck = 0900;
				ORGANIZATIONNAME = Apple;
				TargetAttributes = {
					189A0B6C1F4BEEA0004CCA18 = {
						CreatedOnToolsVersion = 9.0;
					};
				};
			};
			buildConfigurationList = 189A0B681F4BEE9F004CCA18 /* Build configuration list for PBXProject "hackgame" */;
			compatibilityVersion = "Xcode 8.0";
			developmentRegion = en;
			hasScannedForEncodings = 0;
			knownRegions = (
				en,
				Base,
			);
			mainGroup = 189A0B641F4BEE9F004CCA18;
			productRefGroup = 189A0B6E1F4BEEA0004CCA18 /* Products */;
			projectDirPath = "";
			projectRoot = "";
			targets = (
				189A0B6C1F4BEEA0004CCA18 /* hackgame */,
			);
		};
/* End PBXProject section */

/* Begin PBXResourcesBuildPhase section */
		189A0B6B1F4BEEA0004CCA18 /* Resources */ = {
			isa = PBXResourcesBuildPhase;
			buildActionMask = 2147483647;
			files = (
				189A0B7B1F4BEEA0004CCA18 /* LaunchScreen.storyboard in Resources */,
				189A0B781F4BEEA0004CCA18 /* Assets.xcassets in Resources */,
				189A0B761F4BEEA0004CCA18 /* Main.storyboard in Resources */,
			);
			runOnlyForDeploymentPostprocessing = 0;
		};
/* End PBXResourcesBuildPhase section */

/* Begin PBXSourcesBuildPhase section */
		189A0B691F4BEEA0004CCA18 /* Sources */ = {
			isa = PBXSourcesBuildPhase;
			buildActionMask = 2147483647;
			files = (
				189A0B731F4BEEA0004CCA18 /* ViewController.swift in Sources */,
				189A0B711F4BEEA0004CCA18 /* AppDelegate.swift in Sources */,
			);
			runOnlyForDeploymentPostprocessing = 0;
		};
/* End PBXSourcesBuildPhase section */

/* Begin PBXVariantGroup section */
		189A0B741F4BEEA0004CCA18 /* Main.storyboard */ = {
			isa = PBXVariantGroup;
			children = (
				189A0B751F4BEEA0004CCA18 /* Base */,
			);
			name = Main.storyboard;
			sourceTree = "<group>";
		};
		189A0B791F4BEEA0004CCA18 /* LaunchScreen.storyboard */ = {
			isa = PBXVariantGroup;
			children = (
				189A0B7A1F4BEEA0004CCA18 /* Base */,
			);
			name = LaunchScreen.storyboard;
			sourceTree = "<group>";
		};
/* End PBXVariantGroup section */

/* Begin XCBuildConfiguration section */
		189A0B7D1F4BEEA0004CCA18 /* Debug */ = {
			isa = XCBuildConfiguration;
			buildSettings = {
				ALWAYS_SEARCH_USER_PATHS = NO;
				CLANG_ANALYZER_NONNULL = YES;
				CLANG_ANALYZER_NUMBER_OBJECT_CONVERSION = YES_AGGRESSIVE;
				CLANG_CXX_LANGUAGE_STANDARD = "gnu++14";
				CLANG_CXX_LIBRARY = "libc++";
				CLANG_ENABLE_MODULES = YES;
				CLANG_ENABLE_OBJC_ARC = YES;
				CLANG_WARN_BLOCK_CAPTURE_AUTORELEASING = YES;
				CLANG_WARN_BOOL_CONVERSION = YES;
				CLANG_WARN_COMMA = YES;
				CLANG_WARN_CONSTANT_CONVERSION = YES;
				CLANG_WARN_DIRECT_OBJC_ISA_USAGE = YES_ERROR;
				CLANG_WARN_DOCUMENTATION_COMMENTS = YES;
				CLANG_WARN_EMPTY_BODY = YES;
				CLANG_WARN_ENUM_CONVERSION = YES;
				CLANG_WARN_INFINITE_RECURSION = YES;
				CLANG_WARN_INT_CONVERSION = YES;
				CLANG_WARN_NON_LITERAL_NULL_CONVERSION = YES;
				CLANG_WARN_OBJC_LITERAL_CONVERSION = YES;
				CLANG_WARN_OBJC_ROOT_CLASS = YES_ERROR;
				CLANG_WARN_RANGE_LOOP_ANALYSIS = YES;
				CLANG_WARN_STRICT_PROTOTYPES = YES;
				CLANG_WARN_SUSPICIOUS_MOVE = YES;
				CLANG_WARN_UNGUARDED_AVAILABILITY = YES_AGGRESSIVE;
				CLANG_WARN_UNREACHABLE_CODE = YES;
				CLANG_WARN__DUPLICATE_METHOD_MATCH = YES;
				CODE_SIGN_IDENTITY = "iPhone Developer";
				COPY_PHASE_STRIP = NO;
				DEBUG_INFORMATION_FORMAT = dwarf;
				ENABLE_STRICT_OBJC_MSGSEND = YES;
				ENABLE_TESTABILITY = YES;
				GCC_C_LANGUAGE_STANDARD = gnu11;
				GCC_DYNAMIC_NO_PIC = NO;
				GCC_NO_COMMON_BLOCKS = YES;
				GCC_OPTIMIZATION_LEVEL = 0;
				GCC_PREPROCESSOR_DEFINITIONS = (
					"DEBUG=1",
					"$(inherited)",
				);
				GCC_WARN_64_TO_32_BIT_CONVERSION = YES;
				GCC_WARN_ABOUT_RETURN_TYPE = YES_ERROR;
				GCC_WARN_UNDECLARED_SELECTOR = YES;
				GCC_WARN_UNINITIALIZED_AUTOS = YES_AGGRESSIVE;
				GCC_WARN_UNUSED_FUNCTION = YES;
				GCC_WARN_UNUSED_VARIABLE = YES;
				IPHONEOS_DEPLOYMENT_TARGET = 11.0;
				MTL_ENABLE_DEBUG_INFO = YES;
				ONLY_ACTIVE_ARCH = YES;
				SDKROOT = iphoneos;
				SWIFT_ACTIVE_COMPILATION_CONDITIONS = DEBUG;
				SWIFT_OPTIMIZATION_LEVEL = "-Onone";
			};
			name = Debug;
		};
		189A0B7E1F4BEEA0004CCA18 /* Release */ = {
			isa = XCBuildConfiguration;
			buildSettings = {
				ALWAYS_SEARCH_USER_PATHS = NO;
				CLANG_ANALYZER_NONNULL = YES;
				CLANG_ANALYZER_NUMBER_OBJECT_CONVERSION = YES_AGGRESSIVE;
				CLANG_CXX_LANGUAGE_STANDARD = "gnu++14";
				CLANG_CXX_LIBRARY = "libc++";
				CLANG_ENABLE_MODULES = YES;
				CLANG_ENABLE_OBJC_ARC = YES;
				CLANG_WARN_BLOCK_CAPTURE_AUTORELEASING = YES;
				CLANG_WARN_BOOL_CONVERSION = YES;
				CLANG_WARN_COMMA = YES;
				CLANG_WARN_CONSTANT_CONVERSION = YES;
				CLANG_WARN_DIRECT_OBJC_ISA_USAGE = YES_ERROR;
				CLANG_WARN_DOCUMENTATION_COMMENTS = YES;
				CLANG_WARN_EMPTY_BODY = YES;
				CLANG_WARN_ENUM_CONVERSION = YES;
				CLANG_WARN_INFINITE_RECURSION = YES;
				CLANG_WARN_INT_CONVERSION = YES;
				CLANG_WARN_NON_LITERAL_NULL_CONVERSION = YES;
				CLANG_WARN_OBJC_LITERAL_CONVERSION = YES;
				CLANG_WARN_OBJC_ROOT_CLASS = YES_ERROR;
				CLANG_WARN_RANGE_LOOP_ANALYSIS = YES;
				CLANG_WARN_STRICT_PROTOTYPES = YES;
				CLANG_WARN_SUSPICIOUS_MOVE = YES;
				CLANG_WARN_UNGUARDED_AVAILABILITY = YES_AGGRESSIVE;
				CLANG_WARN_UNREACHABLE_CODE = YES;
				CLANG_WARN__DUPLICATE_METHOD_MATCH = YES;
				CODE_SIGN_IDENTITY = "iPhone Developer";
				COPY_PHASE_STRIP = NO;
				DEBUG_INFORMATION_FORMAT = "dwarf-with-dsym";
				ENABLE_NS_ASSERTIONS = NO;
				ENABLE_STRICT_OBJC_MSGSEND = YES;
				GCC_C_LANGUAGE_STANDARD = gnu11;
				GCC_NO_COMMON_BLOCKS = YES;
				GCC_WARN_64_TO_32_BIT_CONVERSION = YES;
				GCC_WARN_ABOUT_RETURN_TYPE = YES_ERROR;
				GCC_WARN_UNDECLARED_SELECTOR = YES;
				GCC_WARN_UNINITIALIZED_AUTOS = YES_AGGRESSIVE;
				GCC_WARN_UNUSED_FUNCTION = YES;
				GCC_WARN_UNUSED_VARIABLE = YES;
				IPHONEOS_DEPLOYMENT_TARGET = 11.0;
				MTL_ENABLE_DEBUG_INFO = NO;
				SDKROOT = iphoneos;
				SWIFT_OPTIMIZATION_LEVEL = "-Owholemodule";
				VALIDATE_PRODUCT = YES;
			};
			name = Release;
		};
		189A0B801F4BEEA0004CCA18 /* Debug */ = {
			isa = XCBuildConfiguration;
			buildSettings = {
				ASSETCATALOG_COMPILER_APPICON_NAME = AppIcon;
				DEVELOPMENT_TEAM = VT7FZGV6NT;
				INFOPLIST_FILE = hackgame/Info.plist;
				LD_RUNPATH_SEARCH_PATHS = "$(inherited) @executable_path/Frameworks";
				PRODUCT_BUNDLE_IDENTIFIER = zhaoYiXian.hackgame;
				PRODUCT_NAME = "$(TARGET_NAME)";
				SWIFT_VERSION = 4.0;
				TARGETED_DEVICE_FAMILY = "1,2";
			};
			name = Debug;
		};
		189A0B811F4BEEA0004CCA18 /* Release */ = {
			isa = XCBuildConfiguration;
			buildSettings = {
				ASSETCATALOG_COMPILER_APPICON_NAME = AppIcon;
				DEVELOPMENT_TEAM = VT7FZGV6NT;
				INFOPLIST_FILE = hackgame/Info.plist;
				LD_RUNPATH_SEARCH_PATHS = "$(inherited) @executable_path/Frameworks";
				PRODUCT_BUNDLE_IDENTIFIER = zhaoYiXian.hackgame;
				PRODUCT_NAME = "$(TARGET_NAME)";
				SWIFT_VERSION = 4.0;
				TARGETED_DEVICE_FAMILY = "1,2";
			};
			name = Release;
		};
/* End XCBuildConfiguration section */

/* Begin XCConfigurationList section */
		189A0B681F4BEE9F004CCA18 /* Build configuration list for PBXProject "hackgame" */ = {
			isa = XCConfigurationList;
			buildConfigurations = (
				189A0B7D1F4BEEA0004CCA18 /* Debug */,
				189A0B7E1F4BEEA0004CCA18 /* Release */,
			);
			defaultConfigurationIsVisible = 0;
			defaultConfigurationName = Release;
		};
		189A0B7F1F4BEEA0004CCA18 /* Build configuration list for PBXNativeTarget "hackgame" */ = {
			isa = XCConfigurationList;
			buildConfigurations = (
				189A0B801F4BEEA0004CCA18 /* Debug */,
				189A0B811F4BEEA0004CCA18 /* Release */,
			);
			defaultConfigurationIsVisible = 0;
			defaultConfigurationName = Release;
		};
/* End XCConfigurationList section */
	};
	rootObject = 189A0B651F4BEE9F004CCA18 /* Project object */;
}
