PODS:
  - Alamofire (4.5.0)
  - IQKeyboardManagerSwift (4.0.10)
  - MagicalRecord (2.3.2):
    - MagicalRecord/Core (= 2.3.2)
  - MagicalRecord/Core (2.3.2)

DEPENDENCIES:
  - Alamofire
  - IQKeyboardManagerSwift
  - MagicalRecord

SPEC CHECKSUMS:
  Alamofire: f28cdffd29de33a7bfa022cbd63ae95a27fae140
  IQKeyboardManagerSwift: 75ba21a23794a1e6b6fe6d9a267ea17f80e06771
  MagicalRecord: 53bed74b4323b930992a725be713e53b37d19755

PODFILE CHECKSUM: 838aaa697571635bb2773c8036894769027e0aab

COCOAPODS: 1.2.1
